
Microsoft Visual Studio Solution File, Format Version 12.00
# Visual Studio 15
VisualStudioVersion = 15.0.28307.1340
MinimumVisualStudioVersion = 10.0.40219.1
Project("{FAE04EC0-301F-11D3-BF4B-00C04F79EFBC}") = "WorkTest", "WorkTest\WorkTest.csproj", "{765C281D-3EBD-44C4-A4EF-CCD2CAE96CA1}"
EndProject
Global
	GlobalSection(SolutionConfigurationPlatforms) = preSolution
		Debug|Any CPU = Debug|Any CPU
		Release|Any CPU = Release|Any CPU
	EndGlobalSection
	GlobalSection(ProjectConfigurationPlatforms) = postSolution
		{765C281D-3EBD-44C4-A4EF-CCD2CAE96CA1}.Debug|Any CPU.ActiveCfg = Debug|Any CPU
		{765C281D-3EBD-44C4-A4EF-CCD2CAE96CA1}.Debug|Any CPU.Build.0 = Debug|Any CPU
		{765C281D-3EBD-44C4-A4EF-CCD2CAE96CA1}.Release|Any CPU.ActiveCfg = Release|Any CPU
		{765C281D-3EBD-44C4-A4EF-CCD2CAE96CA1}.Release|Any CPU.Build.0 = Release|Any CPU
	EndGlobalSection
	GlobalSection(SolutionProperties) = preSolution
		HideSolutionNode = FALSE
	EndGlobalSection
	GlobalSection(ExtensibilityGlobals) = postSolution
		SolutionGuid = {3B77BA32-FEDF-49A0-BA38-C4B3280B24B9}
	EndGlobalSection
EndGlobal
